
Microsoft Visual Studio Solution File, Format Version 12.00
# Visual Studio 15
VisualStudioVersion = 15.0.28307.645
MinimumVisualStudioVersion = 10.0.40219.1
Project("{FAE04EC0-301F-11D3-BF4B-00C04F79EFBC}") = "FeifanSoft.ORM", "FeifanSoft.ORM\FeifanSoft.ORM.csproj", "{CAC88F1A-32EA-4194-9FFB-216B49FE228D}"
EndProject
Global
	GlobalSection(SolutionConfigurationPlatforms) = preSolution
		Debug|Any CPU = Debug|Any CPU
		Release|Any CPU = Release|Any CPU
	EndGlobalSection
	GlobalSection(ProjectConfigurationPlatforms) = postSolution
		{CAC88F1A-32EA-4194-9FFB-216B49FE228D}.Debug|Any CPU.ActiveCfg = Debug|Any CPU
		{CAC88F1A-32EA-4194-9FFB-216B49FE228D}.Debug|Any CPU.Build.0 = Debug|Any CPU
		{CAC88F1A-32EA-4194-9FFB-216B49FE228D}.Release|Any CPU.ActiveCfg = Release|Any CPU
		{CAC88F1A-32EA-4194-9FFB-216B49FE228D}.Release|Any CPU.Build.0 = Release|Any CPU
	EndGlobalSection
	GlobalSection(SolutionProperties) = preSolution
		HideSolutionNode = FALSE
	EndGlobalSection
	GlobalSection(ExtensibilityGlobals) = postSolution
		SolutionGuid = {3E861DB9-F5E9-4CD2-B3FD-93492B0DC599}
	EndGlobalSection
EndGlobal
